
Microsoft Visual Studio Solution File, Format Version 12.00
# Visual Studio Version 17
VisualStudioVersion = 17.0.32126.317
MinimumVisualStudioVersion = 10.0.40219.1
Project("{2150E333-8FDC-42A3-9474-1A3956D46DE8}") = "Services", "Services", "{84E3F73C-D53B-4FA1-B087-35F2608E9ACC}"
EndProject
Project("{2150E333-8FDC-42A3-9474-1A3956D46DE8}") = "Catalog", "Catalog", "{8DA377DD-4069-4D4C-A91C-AAA23BBEFC55}"
EndProject
Project("{9A19103F-16F7-4668-BE54-9A1E7A4F7556}") = "Catalog", "services\Catalog\Catalog\Catalog.csproj", "{F4BF33A0-59B3-4198-89FB-3342D41B22B2}"
EndProject
Project("{E53339B2-1760-4266-BCC7-CA923CBCF16C}") = "docker-compose", "docker-compose.dcproj", "{0F5FD2E7-9019-433A-9A4A-CD75C9CA1CF9}"
EndProject
Project("{2150E333-8FDC-42A3-9474-1A3956D46DE8}") = "Basket", "Basket", "{D2DC9BF0-FB49-4D0A-BD37-DD469B5212F4}"
EndProject
Project("{9A19103F-16F7-4668-BE54-9A1E7A4F7556}") = "Basket", "services\Basket\Basket\Basket.csproj", "{0690BDCD-2494-4451-9480-6C7CD2153EE0}"
EndProject
Project("{2150E333-8FDC-42A3-9474-1A3956D46DE8}") = "Discount", "Discount", "{74482E95-7F9B-4305-8D71-126FE2B06F7F}"
EndProject
Project("{9A19103F-16F7-4668-BE54-9A1E7A4F7556}") = "Discount", "Services\Discount\Discount\Discount.csproj", "{B461EF1B-4778-468B-BD82-08EC52965E3C}"
EndProject
Project("{2150E333-8FDC-42A3-9474-1A3956D46DE8}") = "Discount.UnitTests", "Discount.UnitTests", "{5EF6F823-DAE6-4EE2-A6FC-624DC3ADE59B}"
EndProject
Project("{2150E333-8FDC-42A3-9474-1A3956D46DE8}") = "Basket.UnitTests", "Basket.UnitTests", "{5F91F0C4-E402-4490-AA4B-50D23479B773}"
EndProject
Project("{2150E333-8FDC-42A3-9474-1A3956D46DE8}") = "Basket.AcceptanceTests", "Basket.AcceptanceTests", "{BCDED339-07C1-4634-981C-A6DC3F55493A}"
EndProject
Project("{9A19103F-16F7-4668-BE54-9A1E7A4F7556}") = "Basket.AcceptanceTests", "services\Basket\Basket.AcceptanceTests\Basket.AcceptanceTests.csproj", "{7322A8EB-3F74-4C24-AE62-77B9F326518E}"
EndProject
Project("{9A19103F-16F7-4668-BE54-9A1E7A4F7556}") = "Basket.UnitTests", "services\Basket\Basket.UnitTests\Basket.UnitTests.csproj", "{BF3E13E9-C540-4D16-8BA5-B9037877C815}"
EndProject
Project("{9A19103F-16F7-4668-BE54-9A1E7A4F7556}") = "Discount.UnitTests", "services\Discount\Discount.UnitTests\Discount.UnitTests.csproj", "{970CB811-D6DF-42D4-8533-207CB2027A03}"
EndProject
Global
	GlobalSection(SolutionConfigurationPlatforms) = preSolution
		Debug|Any CPU = Debug|Any CPU
		Release|Any CPU = Release|Any CPU
	EndGlobalSection
	GlobalSection(ProjectConfigurationPlatforms) = postSolution
		{F4BF33A0-59B3-4198-89FB-3342D41B22B2}.Debug|Any CPU.ActiveCfg = Debug|Any CPU
		{F4BF33A0-59B3-4198-89FB-3342D41B22B2}.Debug|Any CPU.Build.0 = Debug|Any CPU
		{F4BF33A0-59B3-4198-89FB-3342D41B22B2}.Release|Any CPU.ActiveCfg = Release|Any CPU
		{F4BF33A0-59B3-4198-89FB-3342D41B22B2}.Release|Any CPU.Build.0 = Release|Any CPU
		{0F5FD2E7-9019-433A-9A4A-CD75C9CA1CF9}.Debug|Any CPU.ActiveCfg = Debug|Any CPU
		{0F5FD2E7-9019-433A-9A4A-CD75C9CA1CF9}.Debug|Any CPU.Build.0 = Debug|Any CPU
		{0F5FD2E7-9019-433A-9A4A-CD75C9CA1CF9}.Release|Any CPU.ActiveCfg = Release|Any CPU
		{0F5FD2E7-9019-433A-9A4A-CD75C9CA1CF9}.Release|Any CPU.Build.0 = Release|Any CPU
		{0690BDCD-2494-4451-9480-6C7CD2153EE0}.Debug|Any CPU.ActiveCfg = Debug|Any CPU
		{0690BDCD-2494-4451-9480-6C7CD2153EE0}.Debug|Any CPU.Build.0 = Debug|Any CPU
		{0690BDCD-2494-4451-9480-6C7CD2153EE0}.Release|Any CPU.ActiveCfg = Release|Any CPU
		{0690BDCD-2494-4451-9480-6C7CD2153EE0}.Release|Any CPU.Build.0 = Release|Any CPU
		{B461EF1B-4778-468B-BD82-08EC52965E3C}.Debug|Any CPU.ActiveCfg = Debug|Any CPU
		{B461EF1B-4778-468B-BD82-08EC52965E3C}.Debug|Any CPU.Build.0 = Debug|Any CPU
		{B461EF1B-4778-468B-BD82-08EC52965E3C}.Release|Any CPU.ActiveCfg = Release|Any CPU
		{B461EF1B-4778-468B-BD82-08EC52965E3C}.Release|Any CPU.Build.0 = Release|Any CPU
		{7322A8EB-3F74-4C24-AE62-77B9F326518E}.Debug|Any CPU.ActiveCfg = Debug|Any CPU
		{7322A8EB-3F74-4C24-AE62-77B9F326518E}.Debug|Any CPU.Build.0 = Debug|Any CPU
		{7322A8EB-3F74-4C24-AE62-77B9F326518E}.Release|Any CPU.ActiveCfg = Release|Any CPU
		{7322A8EB-3F74-4C24-AE62-77B9F326518E}.Release|Any CPU.Build.0 = Release|Any CPU
		{BF3E13E9-C540-4D16-8BA5-B9037877C815}.Debug|Any CPU.ActiveCfg = Debug|Any CPU
		{BF3E13E9-C540-4D16-8BA5-B9037877C815}.Debug|Any CPU.Build.0 = Debug|Any CPU
		{BF3E13E9-C540-4D16-8BA5-B9037877C815}.Release|Any CPU.ActiveCfg = Release|Any CPU
		{BF3E13E9-C540-4D16-8BA5-B9037877C815}.Release|Any CPU.Build.0 = Release|Any CPU
		{970CB811-D6DF-42D4-8533-207CB2027A03}.Debug|Any CPU.ActiveCfg = Debug|Any CPU
		{970CB811-D6DF-42D4-8533-207CB2027A03}.Debug|Any CPU.Build.0 = Debug|Any CPU
		{970CB811-D6DF-42D4-8533-207CB2027A03}.Release|Any CPU.ActiveCfg = Release|Any CPU
		{970CB811-D6DF-42D4-8533-207CB2027A03}.Release|Any CPU.Build.0 = Release|Any CPU
	EndGlobalSection
	GlobalSection(SolutionProperties) = preSolution
		HideSolutionNode = FALSE
	EndGlobalSection
	GlobalSection(NestedProjects) = preSolution
		{8DA377DD-4069-4D4C-A91C-AAA23BBEFC55} = {84E3F73C-D53B-4FA1-B087-35F2608E9ACC}
		{F4BF33A0-59B3-4198-89FB-3342D41B22B2} = {8DA377DD-4069-4D4C-A91C-AAA23BBEFC55}
		{D2DC9BF0-FB49-4D0A-BD37-DD469B5212F4} = {84E3F73C-D53B-4FA1-B087-35F2608E9ACC}
		{0690BDCD-2494-4451-9480-6C7CD2153EE0} = {D2DC9BF0-FB49-4D0A-BD37-DD469B5212F4}
		{74482E95-7F9B-4305-8D71-126FE2B06F7F} = {84E3F73C-D53B-4FA1-B087-35F2608E9ACC}
		{B461EF1B-4778-468B-BD82-08EC52965E3C} = {74482E95-7F9B-4305-8D71-126FE2B06F7F}
		{5EF6F823-DAE6-4EE2-A6FC-624DC3ADE59B} = {84E3F73C-D53B-4FA1-B087-35F2608E9ACC}
		{5F91F0C4-E402-4490-AA4B-50D23479B773} = {84E3F73C-D53B-4FA1-B087-35F2608E9ACC}
		{BCDED339-07C1-4634-981C-A6DC3F55493A} = {84E3F73C-D53B-4FA1-B087-35F2608E9ACC}
		{7322A8EB-3F74-4C24-AE62-77B9F326518E} = {BCDED339-07C1-4634-981C-A6DC3F55493A}
		{BF3E13E9-C540-4D16-8BA5-B9037877C815} = {5F91F0C4-E402-4490-AA4B-50D23479B773}
		{970CB811-D6DF-42D4-8533-207CB2027A03} = {5EF6F823-DAE6-4EE2-A6FC-624DC3ADE59B}
	EndGlobalSection
	GlobalSection(ExtensibilityGlobals) = postSolution
		SolutionGuid = {1FA83A12-B6B4-491E-A852-4B48565C2DF2}
	EndGlobalSection
EndGlobal
